
Microsoft Visual Studio Solution File, Format Version 12.00
# Visual Studio Version 17
VisualStudioVersion = 17.3.32811.315
MinimumVisualStudioVersion = 10.0.40219.1
Project("{FAE04EC0-301F-11D3-BF4B-00C04F79EFBC}") = "Ejercicio1", "Ejercicio1\Ejercicio1.csproj", "{F3E43CC4-A1C5-463C-9C1A-342E2B7C118A}"
EndProject
Project("{2150E333-8FDC-42A3-9474-1A3956D46DE8}") = "Clase1", "Clase1", "{CD8CC3CA-496B-4DE2-A9EF-C098B03B3137}"
EndProject
Project("{FAE04EC0-301F-11D3-BF4B-00C04F79EFBC}") = "Ejercicio2", "Ejercicio2\Ejercicio2.csproj", "{049CCE82-5AFB-44F5-817A-662B13CC58CE}"
EndProject
Project("{FAE04EC0-301F-11D3-BF4B-00C04F79EFBC}") = "Ejercicio3", "Ejercicio3\Ejercicio3.csproj", "{83028F28-2FDA-47A9-A365-F28F3DD4130E}"
EndProject
Global
	GlobalSection(SolutionConfigurationPlatforms) = preSolution
		Debug|Any CPU = Debug|Any CPU
		Release|Any CPU = Release|Any CPU
	EndGlobalSection
	GlobalSection(ProjectConfigurationPlatforms) = postSolution
		{F3E43CC4-A1C5-463C-9C1A-342E2B7C118A}.Debug|Any CPU.ActiveCfg = Debug|Any CPU
		{F3E43CC4-A1C5-463C-9C1A-342E2B7C118A}.Debug|Any CPU.Build.0 = Debug|Any CPU
		{F3E43CC4-A1C5-463C-9C1A-342E2B7C118A}.Release|Any CPU.ActiveCfg = Release|Any CPU
		{F3E43CC4-A1C5-463C-9C1A-342E2B7C118A}.Release|Any CPU.Build.0 = Release|Any CPU
		{049CCE82-5AFB-44F5-817A-662B13CC58CE}.Debug|Any CPU.ActiveCfg = Debug|Any CPU
		{049CCE82-5AFB-44F5-817A-662B13CC58CE}.Debug|Any CPU.Build.0 = Debug|Any CPU
		{049CCE82-5AFB-44F5-817A-662B13CC58CE}.Release|Any CPU.ActiveCfg = Release|Any CPU
		{049CCE82-5AFB-44F5-817A-662B13CC58CE}.Release|Any CPU.Build.0 = Release|Any CPU
		{83028F28-2FDA-47A9-A365-F28F3DD4130E}.Debug|Any CPU.ActiveCfg = Debug|Any CPU
		{83028F28-2FDA-47A9-A365-F28F3DD4130E}.Debug|Any CPU.Build.0 = Debug|Any CPU
		{83028F28-2FDA-47A9-A365-F28F3DD4130E}.Release|Any CPU.ActiveCfg = Release|Any CPU
		{83028F28-2FDA-47A9-A365-F28F3DD4130E}.Release|Any CPU.Build.0 = Release|Any CPU
	EndGlobalSection
	GlobalSection(SolutionProperties) = preSolution
		HideSolutionNode = FALSE
	EndGlobalSection
	GlobalSection(NestedProjects) = preSolution
		{F3E43CC4-A1C5-463C-9C1A-342E2B7C118A} = {CD8CC3CA-496B-4DE2-A9EF-C098B03B3137}
		{049CCE82-5AFB-44F5-817A-662B13CC58CE} = {CD8CC3CA-496B-4DE2-A9EF-C098B03B3137}
		{83028F28-2FDA-47A9-A365-F28F3DD4130E} = {CD8CC3CA-496B-4DE2-A9EF-C098B03B3137}
	EndGlobalSection
	GlobalSection(ExtensibilityGlobals) = postSolution
		SolutionGuid = {45550CD4-43F6-4778-A40D-FDA2C8DEF72D}
	EndGlobalSection
EndGlobal
