
Microsoft Visual Studio Solution File, Format Version 12.00
# Visual Studio Version 17
VisualStudioVersion = 17.3.32811.315
MinimumVisualStudioVersion = 10.0.40219.1
Project("{9A19103F-16F7-4668-BE54-9A1E7A4F7556}") = "Ejercicio1", "Ejercicio1\Ejercicio1.csproj", "{F3E43CC4-A1C5-463C-9C1A-342E2B7C118A}"
EndProject
Project("{2150E333-8FDC-42A3-9474-1A3956D46DE8}") = "1-Introduccion a .NET", "1-Introduccion a .NET", "{CD8CC3CA-496B-4DE2-A9EF-C098B03B3137}"
EndProject
Project("{9A19103F-16F7-4668-BE54-9A1E7A4F7556}") = "Ejercicio2", "Ejercicio2\Ejercicio2.csproj", "{049CCE82-5AFB-44F5-817A-662B13CC58CE}"
EndProject
Project("{9A19103F-16F7-4668-BE54-9A1E7A4F7556}") = "Ejercicio3", "Ejercicio3\Ejercicio3.csproj", "{83028F28-2FDA-47A9-A365-F28F3DD4130E}"
EndProject
Project("{9A19103F-16F7-4668-BE54-9A1E7A4F7556}") = "Ejercicio4", "Ejercicio4\Ejercicio4.csproj", "{32576599-338F-4319-BCB3-5A67782A3F19}"
EndProject
Project("{9A19103F-16F7-4668-BE54-9A1E7A4F7556}") = "Ejercicio5", "Ejercicio5\Ejercicio5.csproj", "{1619BAE4-8FDC-4AFE-A303-EF414AAB4CAA}"
EndProject
Project("{9A19103F-16F7-4668-BE54-9A1E7A4F7556}") = "Ejercicio6", "Ejercicio6\Ejercicio6.csproj", "{A7E005EE-50FF-482A-8074-9A07FBBA399D}"
EndProject
Project("{9A19103F-16F7-4668-BE54-9A1E7A4F7556}") = "Ejercicio7", "Ejercicio7\Ejercicio7.csproj", "{CD534ADB-C779-499D-9EE9-36FA5D274BB7}"
EndProject
Project("{2150E333-8FDC-42A3-9474-1A3956D46DE8}") = "2-Clases y Metodos Estaticos", "2-Clases y Metodos Estaticos", "{3F5FE13A-BEB7-4AC3-A4D6-823D8FB488ED}"
EndProject
Project("{2150E333-8FDC-42A3-9474-1A3956D46DE8}") = "3-Programacion orientada a objetos", "3-Programacion orientada a objetos", "{1EF2A385-B6AE-44C1-A5AE-ED2EC2DDF2B3}"
EndProject
Project("{9A19103F-16F7-4668-BE54-9A1E7A4F7556}") = "CalcularFactorial", "..\Clases y Metodos Estaticos\CalcularFactorial\CalcularFactorial.csproj", "{3D13BE1A-7BAA-44D2-90F8-C1F904169D77}"
EndProject
Project("{9A19103F-16F7-4668-BE54-9A1E7A4F7556}") = "DeseaContinuar", "..\Clases y Metodos Estaticos\DeseaContinuar\DeseaContinuar.csproj", "{8DEFA42D-35B8-4E83-BEE2-B3CFD1284B3E}"
EndProject
Project("{9A19103F-16F7-4668-BE54-9A1E7A4F7556}") = "LaCalculadora", "..\Clases y Metodos Estaticos\LaCalculadora\LaCalculadora.csproj", "{708B97B5-B1CB-4E23-9A83-56D2A6022066}"
EndProject
Project("{9A19103F-16F7-4668-BE54-9A1E7A4F7556}") = "ValidarRangos", "..\Clases y Metodos Estaticos\ValidarRangos\ValidarRangos.csproj", "{EF53AD49-B761-4D0C-BEC6-E60A02AC7B8A}"
EndProject
Project("{9A19103F-16F7-4668-BE54-9A1E7A4F7556}") = "CreoQueNecesitoUnPrestamo", "..\Programacion Orientada a Objetos\CreoQueNecesitoUnPrestamo\CreoQueNecesitoUnPrestamo.csproj", "{51DB907D-E527-4EBD-946B-6C2354173A8F}"
EndProject
Project("{9A19103F-16F7-4668-BE54-9A1E7A4F7556}") = "CuantasPrimaveras", "..\Programacion Orientada a Objetos\CuantasPrimaveras\CuantasPrimaveras.csproj", "{BEA701DB-1151-456E-B5A3-D1E7CCB5C30E}"
EndProject
Project("{9A19103F-16F7-4668-BE54-9A1E7A4F7556}") = "ElEJemploUniversal", "..\Programacion Orientada a Objetos\ElEJemploUniversal\ElEJemploUniversal.csproj", "{58C76779-BA67-4B38-8120-7B8C5799AFEF}"
EndProject
Global
	GlobalSection(SolutionConfigurationPlatforms) = preSolution
		Debug|Any CPU = Debug|Any CPU
		Release|Any CPU = Release|Any CPU
	EndGlobalSection
	GlobalSection(ProjectConfigurationPlatforms) = postSolution
		{F3E43CC4-A1C5-463C-9C1A-342E2B7C118A}.Debug|Any CPU.ActiveCfg = Debug|Any CPU
		{F3E43CC4-A1C5-463C-9C1A-342E2B7C118A}.Debug|Any CPU.Build.0 = Debug|Any CPU
		{F3E43CC4-A1C5-463C-9C1A-342E2B7C118A}.Release|Any CPU.ActiveCfg = Release|Any CPU
		{F3E43CC4-A1C5-463C-9C1A-342E2B7C118A}.Release|Any CPU.Build.0 = Release|Any CPU
		{049CCE82-5AFB-44F5-817A-662B13CC58CE}.Debug|Any CPU.ActiveCfg = Debug|Any CPU
		{049CCE82-5AFB-44F5-817A-662B13CC58CE}.Debug|Any CPU.Build.0 = Debug|Any CPU
		{049CCE82-5AFB-44F5-817A-662B13CC58CE}.Release|Any CPU.ActiveCfg = Release|Any CPU
		{049CCE82-5AFB-44F5-817A-662B13CC58CE}.Release|Any CPU.Build.0 = Release|Any CPU
		{83028F28-2FDA-47A9-A365-F28F3DD4130E}.Debug|Any CPU.ActiveCfg = Debug|Any CPU
		{83028F28-2FDA-47A9-A365-F28F3DD4130E}.Debug|Any CPU.Build.0 = Debug|Any CPU
		{83028F28-2FDA-47A9-A365-F28F3DD4130E}.Release|Any CPU.ActiveCfg = Release|Any CPU
		{83028F28-2FDA-47A9-A365-F28F3DD4130E}.Release|Any CPU.Build.0 = Release|Any CPU
		{32576599-338F-4319-BCB3-5A67782A3F19}.Debug|Any CPU.ActiveCfg = Debug|Any CPU
		{32576599-338F-4319-BCB3-5A67782A3F19}.Debug|Any CPU.Build.0 = Debug|Any CPU
		{32576599-338F-4319-BCB3-5A67782A3F19}.Release|Any CPU.ActiveCfg = Release|Any CPU
		{32576599-338F-4319-BCB3-5A67782A3F19}.Release|Any CPU.Build.0 = Release|Any CPU
		{1619BAE4-8FDC-4AFE-A303-EF414AAB4CAA}.Debug|Any CPU.ActiveCfg = Debug|Any CPU
		{1619BAE4-8FDC-4AFE-A303-EF414AAB4CAA}.Debug|Any CPU.Build.0 = Debug|Any CPU
		{1619BAE4-8FDC-4AFE-A303-EF414AAB4CAA}.Release|Any CPU.ActiveCfg = Release|Any CPU
		{1619BAE4-8FDC-4AFE-A303-EF414AAB4CAA}.Release|Any CPU.Build.0 = Release|Any CPU
		{A7E005EE-50FF-482A-8074-9A07FBBA399D}.Debug|Any CPU.ActiveCfg = Debug|Any CPU
		{A7E005EE-50FF-482A-8074-9A07FBBA399D}.Debug|Any CPU.Build.0 = Debug|Any CPU
		{A7E005EE-50FF-482A-8074-9A07FBBA399D}.Release|Any CPU.ActiveCfg = Release|Any CPU
		{A7E005EE-50FF-482A-8074-9A07FBBA399D}.Release|Any CPU.Build.0 = Release|Any CPU
		{CD534ADB-C779-499D-9EE9-36FA5D274BB7}.Debug|Any CPU.ActiveCfg = Debug|Any CPU
		{CD534ADB-C779-499D-9EE9-36FA5D274BB7}.Debug|Any CPU.Build.0 = Debug|Any CPU
		{CD534ADB-C779-499D-9EE9-36FA5D274BB7}.Release|Any CPU.ActiveCfg = Release|Any CPU
		{CD534ADB-C779-499D-9EE9-36FA5D274BB7}.Release|Any CPU.Build.0 = Release|Any CPU
		{3D13BE1A-7BAA-44D2-90F8-C1F904169D77}.Debug|Any CPU.ActiveCfg = Debug|Any CPU
		{3D13BE1A-7BAA-44D2-90F8-C1F904169D77}.Debug|Any CPU.Build.0 = Debug|Any CPU
		{3D13BE1A-7BAA-44D2-90F8-C1F904169D77}.Release|Any CPU.ActiveCfg = Release|Any CPU
		{3D13BE1A-7BAA-44D2-90F8-C1F904169D77}.Release|Any CPU.Build.0 = Release|Any CPU
		{8DEFA42D-35B8-4E83-BEE2-B3CFD1284B3E}.Debug|Any CPU.ActiveCfg = Debug|Any CPU
		{8DEFA42D-35B8-4E83-BEE2-B3CFD1284B3E}.Debug|Any CPU.Build.0 = Debug|Any CPU
		{8DEFA42D-35B8-4E83-BEE2-B3CFD1284B3E}.Release|Any CPU.ActiveCfg = Release|Any CPU
		{8DEFA42D-35B8-4E83-BEE2-B3CFD1284B3E}.Release|Any CPU.Build.0 = Release|Any CPU
		{708B97B5-B1CB-4E23-9A83-56D2A6022066}.Debug|Any CPU.ActiveCfg = Debug|Any CPU
		{708B97B5-B1CB-4E23-9A83-56D2A6022066}.Debug|Any CPU.Build.0 = Debug|Any CPU
		{708B97B5-B1CB-4E23-9A83-56D2A6022066}.Release|Any CPU.ActiveCfg = Release|Any CPU
		{708B97B5-B1CB-4E23-9A83-56D2A6022066}.Release|Any CPU.Build.0 = Release|Any CPU
		{EF53AD49-B761-4D0C-BEC6-E60A02AC7B8A}.Debug|Any CPU.ActiveCfg = Debug|Any CPU
		{EF53AD49-B761-4D0C-BEC6-E60A02AC7B8A}.Debug|Any CPU.Build.0 = Debug|Any CPU
		{EF53AD49-B761-4D0C-BEC6-E60A02AC7B8A}.Release|Any CPU.ActiveCfg = Release|Any CPU
		{EF53AD49-B761-4D0C-BEC6-E60A02AC7B8A}.Release|Any CPU.Build.0 = Release|Any CPU
		{51DB907D-E527-4EBD-946B-6C2354173A8F}.Debug|Any CPU.ActiveCfg = Debug|Any CPU
		{51DB907D-E527-4EBD-946B-6C2354173A8F}.Debug|Any CPU.Build.0 = Debug|Any CPU
		{51DB907D-E527-4EBD-946B-6C2354173A8F}.Release|Any CPU.ActiveCfg = Release|Any CPU
		{51DB907D-E527-4EBD-946B-6C2354173A8F}.Release|Any CPU.Build.0 = Release|Any CPU
		{BEA701DB-1151-456E-B5A3-D1E7CCB5C30E}.Debug|Any CPU.ActiveCfg = Debug|Any CPU
		{BEA701DB-1151-456E-B5A3-D1E7CCB5C30E}.Debug|Any CPU.Build.0 = Debug|Any CPU
		{BEA701DB-1151-456E-B5A3-D1E7CCB5C30E}.Release|Any CPU.ActiveCfg = Release|Any CPU
		{BEA701DB-1151-456E-B5A3-D1E7CCB5C30E}.Release|Any CPU.Build.0 = Release|Any CPU
		{58C76779-BA67-4B38-8120-7B8C5799AFEF}.Debug|Any CPU.ActiveCfg = Debug|Any CPU
		{58C76779-BA67-4B38-8120-7B8C5799AFEF}.Debug|Any CPU.Build.0 = Debug|Any CPU
		{58C76779-BA67-4B38-8120-7B8C5799AFEF}.Release|Any CPU.ActiveCfg = Release|Any CPU
		{58C76779-BA67-4B38-8120-7B8C5799AFEF}.Release|Any CPU.Build.0 = Release|Any CPU
	EndGlobalSection
	GlobalSection(SolutionProperties) = preSolution
		HideSolutionNode = FALSE
	EndGlobalSection
	GlobalSection(NestedProjects) = preSolution
		{F3E43CC4-A1C5-463C-9C1A-342E2B7C118A} = {CD8CC3CA-496B-4DE2-A9EF-C098B03B3137}
		{049CCE82-5AFB-44F5-817A-662B13CC58CE} = {CD8CC3CA-496B-4DE2-A9EF-C098B03B3137}
		{83028F28-2FDA-47A9-A365-F28F3DD4130E} = {CD8CC3CA-496B-4DE2-A9EF-C098B03B3137}
		{32576599-338F-4319-BCB3-5A67782A3F19} = {CD8CC3CA-496B-4DE2-A9EF-C098B03B3137}
		{1619BAE4-8FDC-4AFE-A303-EF414AAB4CAA} = {CD8CC3CA-496B-4DE2-A9EF-C098B03B3137}
		{A7E005EE-50FF-482A-8074-9A07FBBA399D} = {CD8CC3CA-496B-4DE2-A9EF-C098B03B3137}
		{CD534ADB-C779-499D-9EE9-36FA5D274BB7} = {CD8CC3CA-496B-4DE2-A9EF-C098B03B3137}
		{3D13BE1A-7BAA-44D2-90F8-C1F904169D77} = {3F5FE13A-BEB7-4AC3-A4D6-823D8FB488ED}
		{8DEFA42D-35B8-4E83-BEE2-B3CFD1284B3E} = {3F5FE13A-BEB7-4AC3-A4D6-823D8FB488ED}
		{708B97B5-B1CB-4E23-9A83-56D2A6022066} = {3F5FE13A-BEB7-4AC3-A4D6-823D8FB488ED}
		{EF53AD49-B761-4D0C-BEC6-E60A02AC7B8A} = {3F5FE13A-BEB7-4AC3-A4D6-823D8FB488ED}
		{51DB907D-E527-4EBD-946B-6C2354173A8F} = {1EF2A385-B6AE-44C1-A5AE-ED2EC2DDF2B3}
		{BEA701DB-1151-456E-B5A3-D1E7CCB5C30E} = {1EF2A385-B6AE-44C1-A5AE-ED2EC2DDF2B3}
		{58C76779-BA67-4B38-8120-7B8C5799AFEF} = {1EF2A385-B6AE-44C1-A5AE-ED2EC2DDF2B3}
	EndGlobalSection
	GlobalSection(ExtensibilityGlobals) = postSolution
		SolutionGuid = {45550CD4-43F6-4778-A40D-FDA2C8DEF72D}
	EndGlobalSection
EndGlobal
